
Microsoft Visual Studio Solution File, Format Version 11.00
# Visual Studio 2010
Project("{FAE04EC0-301F-11D3-BF4B-00C04F79EFBC}") = "SM_Selection_CSharp", "SM_Selection_CSharp\SM_Selection_CSharp.csproj", "{64828EB8-28D2-467A-9445-29A9F4EF5119}"
EndProject
Global
	GlobalSection(SolutionConfigurationPlatforms) = preSolution
		Debug|Any CPU = Debug|Any CPU
		Release|Any CPU = Release|Any CPU
	EndGlobalSection
	GlobalSection(ProjectConfigurationPlatforms) = postSolution
		{64828EB8-28D2-467A-9445-29A9F4EF5119}.Debug|Any CPU.ActiveCfg = Debug|Any CPU
		{64828EB8-28D2-467A-9445-29A9F4EF5119}.Debug|Any CPU.Build.0 = Debug|Any CPU
		{64828EB8-28D2-467A-9445-29A9F4EF5119}.Release|Any CPU.ActiveCfg = Release|Any CPU
		{64828EB8-28D2-467A-9445-29A9F4EF5119}.Release|Any CPU.Build.0 = Release|Any CPU
	EndGlobalSection
	GlobalSection(SolutionProperties) = preSolution
		HideSolutionNode = FALSE
	EndGlobalSection
EndGlobal
